
Microsoft Visual Studio Solution File, Format Version 12.00
# Visual Studio Version 17
VisualStudioVersion = 17.0.31903.59
MinimumVisualStudioVersion = 10.0.40219.1
Project("{FAE04EC0-301F-11D3-BF4B-00C04F79EFBC}") = "ASPNETCore6", "ASPNETCore6\ASPNETCore6.csproj", "{17B08AFE-654F-4A5C-8A1A-DA615BEFEB12}"
EndProject
Global
	GlobalSection(SolutionConfigurationPlatforms) = preSolution
		Debug|Any CPU = Debug|Any CPU
		Release|Any CPU = Release|Any CPU
	EndGlobalSection
	GlobalSection(ProjectConfigurationPlatforms) = postSolution
		{17B08AFE-654F-4A5C-8A1A-DA615BEFEB12}.Debug|Any CPU.ActiveCfg = Debug|Any CPU
		{17B08AFE-654F-4A5C-8A1A-DA615BEFEB12}.Debug|Any CPU.Build.0 = Debug|Any CPU
		{17B08AFE-654F-4A5C-8A1A-DA615BEFEB12}.Release|Any CPU.ActiveCfg = Release|Any CPU
		{17B08AFE-654F-4A5C-8A1A-DA615BEFEB12}.Release|Any CPU.Build.0 = Release|Any CPU
	EndGlobalSection
	GlobalSection(SolutionProperties) = preSolution
		HideSolutionNode = FALSE
	EndGlobalSection
	GlobalSection(ExtensibilityGlobals) = postSolution
		SolutionGuid = {5BFE4E1D-3429-42C0-BB76-4DF07A553C13}
	EndGlobalSection
EndGlobal
